
Microsoft Visual Studio Solution File, Format Version 12.00
# Visual Studio Version 17
VisualStudioVersion = 17.9.34723.18
MinimumVisualStudioVersion = 10.0.40219.1
Project("{FAE04EC0-301F-11D3-BF4B-00C04F79EFBC}") = "лаба10(1)", "лаба10(1)\лаба10(1).csproj", "{FFAF5241-30AE-4640-8B8C-741527E01EE0}"
EndProject
Global
	GlobalSection(SolutionConfigurationPlatforms) = preSolution
		Debug|Any CPU = Debug|Any CPU
		Release|Any CPU = Release|Any CPU
	EndGlobalSection
	GlobalSection(ProjectConfigurationPlatforms) = postSolution
		{FFAF5241-30AE-4640-8B8C-741527E01EE0}.Debug|Any CPU.ActiveCfg = Debug|Any CPU
		{FFAF5241-30AE-4640-8B8C-741527E01EE0}.Debug|Any CPU.Build.0 = Debug|Any CPU
		{FFAF5241-30AE-4640-8B8C-741527E01EE0}.Release|Any CPU.ActiveCfg = Release|Any CPU
		{FFAF5241-30AE-4640-8B8C-741527E01EE0}.Release|Any CPU.Build.0 = Release|Any CPU
	EndGlobalSection
	GlobalSection(SolutionProperties) = preSolution
		HideSolutionNode = FALSE
	EndGlobalSection
	GlobalSection(ExtensibilityGlobals) = postSolution
		SolutionGuid = {AE914EB8-2822-4055-9504-B85C3292EF50}
	EndGlobalSection
EndGlobal
